{
  "version": 1,
  "dependencies": {
    "net10.0-windows7.0": {
      "DalamudPackager": {
        "type": "Direct",
        "requested": "[15.0.0, )",
        "resolved": "15.0.0",
        "contentHash": "411vwC8/X8Z/sQ2TI6v3SvOn66xFPeOjFn3Zn+h0d3Ox2t1kFm66AhDvmx/qcMwVrR+Hidxj0dadpQ2dgyXMBQ=="
      },
      "DotNet.ReproducibleBuilds": {
        "type": "Direct",
        "requested": "[1.2.39, )",
        "resolved": "1.2.39",
        "contentHash": "fcFN01tDTIQqDuTwr1jUQK/geofiwjG5DycJQOnC72i1SsLAk1ELe+apBOuZ11UMQG8YKFZG1FgvjZPbqHyatg=="
      },
      "Microsoft.Data.Sqlite": {
        "type": "Direct",
        "requested": "[8.0.8, )",
        "resolved": "8.0.8",
        "contentHash": "Ao+kD9lZpZvvvfLHMR4/UviFGXaWhQ9AVT4fYMl62XWgIPuVIhZqLysmDNiXbsz6Pb87iyyElX2xSfigzKNZNg==",
        "dependencies": {
          "Microsoft.Data.Sqlite.Core": "8.0.8",
          "SQLitePCLRaw.bundle_e_sqlite3": "2.1.6"
        }
      },
      "SQLitePCLRaw.bundle_e_sqlite3": {
        "type": "Direct",
        "requested": "[2.1.10, )",
        "resolved": "2.1.10",
        "contentHash": "UxWuisvZ3uVcVOLJQv7urM/JiQH+v3TmaJc1BLKl5Dxfm/nTzTUrqswCqg/INiYLi61AXnHo1M1JPmPqqLnAdg==",
        "dependencies": {
          "SQLitePCLRaw.lib.e_sqlite3": "2.1.10",
          "SQLitePCLRaw.provider.e_sqlite3": "2.1.10"
        }
      },
      "Microsoft.Data.Sqlite.Core": {
        "type": "Transitive",
        "resolved": "8.0.8",
        "contentHash": "qHInO2EvOcPhjgboP0TGnXM7rASdvWXrw6jAH8Yuz5YP82VTje7d/NKiX1i+dVbE3+G3JuW1kqNVB8yLvsqgYA==",
        "dependencies": {
          "SQLitePCLRaw.core": "2.1.6"
        }
      },
      "SQLitePCLRaw.core": {
        "type": "Transitive",
        "resolved": "2.1.10",
        "contentHash": "Ii8JCbC7oiVclaE/mbDEK000EFIJ+ShRPwAvvV89GOZhQ+ZLtlnSWl6ksCNMKu/VGXA4Nfi2B7LhN/QFN9oBcw=="
      },
      "SQLitePCLRaw.lib.e_sqlite3": {
        "type": "Transitive",
        "resolved": "2.1.10",
        "contentHash": "mAr69tDbnf3QJpRy2nJz8Qdpebdil00fvycyByR58Cn9eARvR+UiG2Vzsp+4q1tV3ikwiYIjlXCQFc12GfebbA=="
      },
      "SQLitePCLRaw.provider.e_sqlite3": {
        "type": "Transitive",
        "resolved": "2.1.10",
        "contentHash": "uZVTi02C1SxqzgT0HqTWatIbWGb40iIkfc3FpFCpE/r7g6K0PqzDUeefL6P6HPhDtc6BacN3yQysfzP7ks+wSQ==",
        "dependencies": {
          "SQLitePCLRaw.core": "2.1.10"
        }
      }
    }
  }
}